// !$*UTF8*$!
{
	archiveVersion = 1;
	classes = {
	};
	objectVersion = 56;
	objects = {

/* Begin PBXBuildFile section */
		4212952B2C0D515A00E38B54 /* blank.png in Resources */ = {isa = PBXBuildFile; fileRef = 4212952A2C0D515A00E38B54 /* blank.png */; };
		4221270D2D8274080033E461 /* DoHyeon-Regular.ttf in Resources */ = {isa = PBXBuildFile; fileRef = 4221270C2D8274080033E461 /* DoHyeon-Regular.ttf */; };
		4221270F2D8277080033E461 /* AboutView.swift in Sources */ = {isa = PBXBuildFile; fileRef = 4221270E2D8277020033E461 /* AboutView.swift */; };
		422127112D83B1110033E461 /* ShareSheet.swift in Sources */ = {isa = PBXBuildFile; fileRef = 422127102D83B10F0033E461 /* ShareSheet.swift */; };
		422127132D84B59E0033E461 /* IAPManager.swift in Sources */ = {isa = PBXBuildFile; fileRef = 422127122D84B59C0033E461 /* IAPManager.swift */; };
		42302CDD2D81CB7200B1C06E /* IntroMapView.swift in Sources */ = {isa = PBXBuildFile; fileRef = 42302CDC2D81CB6F00B1C06E /* IntroMapView.swift */; };
		423B206E2C0BAE9100EE7FEF /* VisitedStatesApp.swift in Sources */ = {isa = PBXBuildFile; fileRef = 423B206D2C0BAE9100EE7FEF /* VisitedStatesApp.swift */; };
		423B20702C0BAE9100EE7FEF /* Persistence.swift in Sources */ = {isa = PBXBuildFile; fileRef = 423B206F2C0BAE9100EE7FEF /* Persistence.swift */; };
		423B20732C0BAE9100EE7FEF /* VisitedStates.xcdatamodeld in Sources */ = {isa = PBXBuildFile; fileRef = 423B20712C0BAE9100EE7FEF /* VisitedStates.xcdatamodeld */; };
		423B20752C0BAE9100EE7FEF /* ContentView.swift in Sources */ = {isa = PBXBuildFile; fileRef = 423B20742C0BAE9100EE7FEF /* ContentView.swift */; };
		423B20772C0BAE9200EE7FEF /* Assets.xcassets in Resources */ = {isa = PBXBuildFile; fileRef = 423B20762C0BAE9200EE7FEF /* Assets.xcassets */; };
		423B207B2C0BAE9200EE7FEF /* Preview Assets.xcassets in Resources */ = {isa = PBXBuildFile; fileRef = 423B207A2C0BAE9200EE7FEF /* Preview Assets.xcassets */; };
		423B20A02C0BB1E200EE7FEF /* LocationManager.swift in Sources */ = {isa = PBXBuildFile; fileRef = 423B209F2C0BB1E200EE7FEF /* LocationManager.swift */; };
		423B20A22C0BB21C00EE7FEF /* MapView.swift in Sources */ = {isa = PBXBuildFile; fileRef = 423B20A12C0BB21C00EE7FEF /* MapView.swift */; };
		4284837C2C0D301B0021DDAE /* us_states.geojson in Resources */ = {isa = PBXBuildFile; fileRef = 4284837B2C0D301B0021DDAE /* us_states.geojson */; };
		428FB4692C1276D600972D45 /* launchscreen.storyboard in Resources */ = {isa = PBXBuildFile; fileRef = 428FB4682C1276D600972D45 /* launchscreen.storyboard */; };
		428FB46F2C127F0900972D45 /* white_tile.png in Resources */ = {isa = PBXBuildFile; fileRef = 428FB46E2C127F0800972D45 /* white_tile.png */; };
		42AA801E2D7B4E46008AF2DE /* AppDelegate.swift in Sources */ = {isa = PBXBuildFile; fileRef = 42AA801D2D7B4B6F008AF2DE /* AppDelegate.swift */; };
		42AA80262D7DF0EF008AF2DE /* AlaskaHawaiiSplitView.swift in Sources */ = {isa = PBXBuildFile; fileRef = 42AA80252D7DF0E8008AF2DE /* AlaskaHawaiiSplitView.swift */; };
		42B9C8052D8000BB0012B018 /* USStates.swift in Sources */ = {isa = PBXBuildFile; fileRef = 42B9C8042D8000B70012B018 /* USStates.swift */; };
		42B9C8072D8000CE0012B018 /* EditStatesView.swift in Sources */ = {isa = PBXBuildFile; fileRef = 42B9C8062D8000CB0012B018 /* EditStatesView.swift */; };
		42F551022D7A83DC00986E1F /* AppSettings.swift in Sources */ = {isa = PBXBuildFile; fileRef = 42F551012D7A83D600986E1F /* AppSettings.swift */; };
		42F551042D7A83F300986E1F /* SettingsView.swift in Sources */ = {isa = PBXBuildFile; fileRef = 42F551032D7A83EE00986E1F /* SettingsView.swift */; };
		42F551062D7A89EB00986E1F /* NotificationManager.swift in Sources */ = {isa = PBXBuildFile; fileRef = 42F551052D7A89E500986E1F /* NotificationManager.swift */; };
/* End PBXBuildFile section */

/* Begin PBXFileReference section */
		4212952A2C0D515A00E38B54 /* blank.png */ = {isa = PBXFileReference; lastKnownFileType = image.png; path = blank.png; sourceTree = "<group>"; };
		4221270C2D8274080033E461 /* DoHyeon-Regular.ttf */ = {isa = PBXFileReference; lastKnownFileType = file; path = "DoHyeon-Regular.ttf"; sourceTree = "<group>"; };
		4221270E2D8277020033E461 /* AboutView.swift */ = {isa = PBXFileReference; lastKnownFileType = sourcecode.swift; path = AboutView.swift; sourceTree = "<group>"; };
		422127102D83B10F0033E461 /* ShareSheet.swift */ = {isa = PBXFileReference; lastKnownFileType = sourcecode.swift; path = ShareSheet.swift; sourceTree = "<group>"; };
		422127122D84B59C0033E461 /* IAPManager.swift */ = {isa = PBXFileReference; lastKnownFileType = sourcecode.swift; path = IAPManager.swift; sourceTree = "<group>"; };
		42302CDC2D81CB6F00B1C06E /* IntroMapView.swift */ = {isa = PBXFileReference; lastKnownFileType = sourcecode.swift; path = IntroMapView.swift; sourceTree = "<group>"; };
		423B206A2C0BAE9100EE7FEF /* VisitedStates.app */ = {isa = PBXFileReference; explicitFileType = wrapper.application; includeInIndex = 0; path = VisitedStates.app; sourceTree = BUILT_PRODUCTS_DIR; };
		423B206D2C0BAE9100EE7FEF /* VisitedStatesApp.swift */ = {isa = PBXFileReference; lastKnownFileType = sourcecode.swift; path = VisitedStatesApp.swift; sourceTree = "<group>"; };
		423B206F2C0BAE9100EE7FEF /* Persistence.swift */ = {isa = PBXFileReference; lastKnownFileType = sourcecode.swift; path = Persistence.swift; sourceTree = "<group>"; };
		423B20722C0BAE9100EE7FEF /* VisitedStates.xcdatamodel */ = {isa = PBXFileReference; lastKnownFileType = wrapper.xcdatamodel; path = VisitedStates.xcdatamodel; sourceTree = "<group>"; };
		423B20742C0BAE9100EE7FEF /* ContentView.swift */ = {isa = PBXFileReference; lastKnownFileType = sourcecode.swift; path = ContentView.swift; sourceTree = "<group>"; };
		423B20762C0BAE9200EE7FEF /* Assets.xcassets */ = {isa = PBXFileReference; lastKnownFileType = folder.assetcatalog; path = Assets.xcassets; sourceTree = "<group>"; };
		423B20782C0BAE9200EE7FEF /* VisitedStates.entitlements */ = {isa = PBXFileReference; lastKnownFileType = text.plist.entitlements; path = VisitedStates.entitlements; sourceTree = "<group>"; };
		423B207A2C0BAE9200EE7FEF /* Preview Assets.xcassets */ = {isa = PBXFileReference; lastKnownFileType = folder.assetcatalog; path = "Preview Assets.xcassets"; sourceTree = "<group>"; };
		423B20842C0BAE9200EE7FEF /* VisitedStatesTests.swift */ = {isa = PBXFileReference; lastKnownFileType = sourcecode.swift; path = VisitedStatesTests.swift; sourceTree = "<group>"; };
		423B208E2C0BAE9300EE7FEF /* VisitedStatesUITests.swift */ = {isa = PBXFileReference; lastKnownFileType = sourcecode.swift; path = VisitedStatesUITests.swift; sourceTree = "<group>"; };
		423B20902C0BAE9300EE7FEF /* VisitedStatesUITestsLaunchTests.swift */ = {isa = PBXFileReference; lastKnownFileType = sourcecode.swift; path = VisitedStatesUITestsLaunchTests.swift; sourceTree = "<group>"; };
		423B209D2C0BAFCC00EE7FEF /* Info.plist */ = {isa = PBXFileReference; lastKnownFileType = text.plist.xml; path = Info.plist; sourceTree = "<group>"; };
		423B209F2C0BB1E200EE7FEF /* LocationManager.swift */ = {isa = PBXFileReference; lastKnownFileType = sourcecode.swift; path = LocationManager.swift; sourceTree = "<group>"; };
		423B20A12C0BB21C00EE7FEF /* MapView.swift */ = {isa = PBXFileReference; lastKnownFileType = sourcecode.swift; path = MapView.swift; sourceTree = "<group>"; };
		4284837B2C0D301B0021DDAE /* us_states.geojson */ = {isa = PBXFileReference; fileEncoding = 4; lastKnownFileType = text; lineEnding = 0; path = us_states.geojson; sourceTree = "<group>"; };
		428FB4682C1276D600972D45 /* launchscreen.storyboard */ = {isa = PBXFileReference; lastKnownFileType = file.storyboard; path = launchscreen.storyboard; sourceTree = SOURCE_ROOT; };
		428FB46E2C127F0800972D45 /* white_tile.png */ = {isa = PBXFileReference; lastKnownFileType = image.png; path = white_tile.png; sourceTree = "<group>"; };
		42AA801D2D7B4B6F008AF2DE /* AppDelegate.swift */ = {isa = PBXFileReference; lastKnownFileType = sourcecode.swift; path = AppDelegate.swift; sourceTree = "<group>"; };
		42AA80252D7DF0E8008AF2DE /* AlaskaHawaiiSplitView.swift */ = {isa = PBXFileReference; lastKnownFileType = sourcecode.swift; path = AlaskaHawaiiSplitView.swift; sourceTree = "<group>"; };
		42B9C8042D8000B70012B018 /* USStates.swift */ = {isa = PBXFileReference; lastKnownFileType = sourcecode.swift; path = USStates.swift; sourceTree = "<group>"; };
		42B9C8062D8000CB0012B018 /* EditStatesView.swift */ = {isa = PBXFileReference; lastKnownFileType = sourcecode.swift; path = EditStatesView.swift; sourceTree = "<group>"; };
		42F551012D7A83D600986E1F /* AppSettings.swift */ = {isa = PBXFileReference; lastKnownFileType = sourcecode.swift; path = AppSettings.swift; sourceTree = "<group>"; };
		42F551032D7A83EE00986E1F /* SettingsView.swift */ = {isa = PBXFileReference; lastKnownFileType = sourcecode.swift; path = SettingsView.swift; sourceTree = "<group>"; };
		42F551052D7A89E500986E1F /* NotificationManager.swift */ = {isa = PBXFileReference; lastKnownFileType = sourcecode.swift; path = NotificationManager.swift; sourceTree = "<group>"; };
/* End PBXFileReference section */

/* Begin PBXFrameworksBuildPhase section */
		423B20672C0BAE9100EE7FEF /* Frameworks */ = {
			isa = PBXFrameworksBuildPhase;
			buildActionMask = 2147483647;
			files = (
			);
			runOnlyForDeploymentPostprocessing = 0;
		};
/* End PBXFrameworksBuildPhase section */

/* Begin PBXGroup section */
		423B20612C0BAE9100EE7FEF = {
			isa = PBXGroup;
			children = (
				423B206C2C0BAE9100EE7FEF /* VisitedStates */,
				423B20832C0BAE9200EE7FEF /* VisitedStatesTests */,
				423B208D2C0BAE9300EE7FEF /* VisitedStatesUITests */,
				423B206B2C0BAE9100EE7FEF /* Products */,
			);
			sourceTree = "<group>";
		};
		423B206B2C0BAE9100EE7FEF /* Products */ = {
			isa = PBXGroup;
			children = (
				423B206A2C0BAE9100EE7FEF /* VisitedStates.app */,
			);
			name = Products;
			sourceTree = "<group>";
		};
		423B206C2C0BAE9100EE7FEF /* VisitedStates */ = {
			isa = PBXGroup;
			children = (
				422127122D84B59C0033E461 /* IAPManager.swift */,
				422127102D83B10F0033E461 /* ShareSheet.swift */,
				4221270E2D8277020033E461 /* AboutView.swift */,
				42302CDC2D81CB6F00B1C06E /* IntroMapView.swift */,
				42B9C8062D8000CB0012B018 /* EditStatesView.swift */,
				42B9C8042D8000B70012B018 /* USStates.swift */,
				42AA80252D7DF0E8008AF2DE /* AlaskaHawaiiSplitView.swift */,
				42AA801D2D7B4B6F008AF2DE /* AppDelegate.swift */,
				42F551052D7A89E500986E1F /* NotificationManager.swift */,
				42F551032D7A83EE00986E1F /* SettingsView.swift */,
				42F551012D7A83D600986E1F /* AppSettings.swift */,
				428FB4682C1276D600972D45 /* launchscreen.storyboard */,
				4212952A2C0D515A00E38B54 /* blank.png */,
				423B20A32C0BB32400EE7FEF /* GeoJSON */,
				423B209D2C0BAFCC00EE7FEF /* Info.plist */,
				428FB46E2C127F0800972D45 /* white_tile.png */,
				423B206D2C0BAE9100EE7FEF /* VisitedStatesApp.swift */,
				423B206F2C0BAE9100EE7FEF /* Persistence.swift */,
				423B20742C0BAE9100EE7FEF /* ContentView.swift */,
				423B20762C0BAE9200EE7FEF /* Assets.xcassets */,
				423B20782C0BAE9200EE7FEF /* VisitedStates.entitlements */,
				423B20712C0BAE9100EE7FEF /* VisitedStates.xcdatamodeld */,
				423B20792C0BAE9200EE7FEF /* Preview Content */,
				423B209F2C0BB1E200EE7FEF /* LocationManager.swift */,
				423B20A12C0BB21C00EE7FEF /* MapView.swift */,
				4221270C2D8274080033E461 /* DoHyeon-Regular.ttf */,
			);
			path = VisitedStates;
			sourceTree = "<group>";
		};
		423B20792C0BAE9200EE7FEF /* Preview Content */ = {
			isa = PBXGroup;
			children = (
				423B207A2C0BAE9200EE7FEF /* Preview Assets.xcassets */,
			);
			path = "Preview Content";
			sourceTree = "<group>";
		};
		423B20832C0BAE9200EE7FEF /* VisitedStatesTests */ = {
			isa = PBXGroup;
			children = (
				423B20842C0BAE9200EE7FEF /* VisitedStatesTests.swift */,
			);
			path = VisitedStatesTests;
			sourceTree = "<group>";
		};
		423B208D2C0BAE9300EE7FEF /* VisitedStatesUITests */ = {
			isa = PBXGroup;
			children = (
				423B208E2C0BAE9300EE7FEF /* VisitedStatesUITests.swift */,
				423B20902C0BAE9300EE7FEF /* VisitedStatesUITestsLaunchTests.swift */,
			);
			path = VisitedStatesUITests;
			sourceTree = "<group>";
		};
		423B20A32C0BB32400EE7FEF /* GeoJSON */ = {
			isa = PBXGroup;
			children = (
				4284837B2C0D301B0021DDAE /* us_states.geojson */,
			);
			path = GeoJSON;
			sourceTree = "<group>";
		};
/* End PBXGroup section */

/* Begin PBXNativeTarget section */
		423B20692C0BAE9100EE7FEF /* VisitedStates */ = {
			isa = PBXNativeTarget;
			buildConfigurationList = 423B20942C0BAE9300EE7FEF /* Build configuration list for PBXNativeTarget "VisitedStates" */;
			buildPhases = (
				423B20662C0BAE9100EE7FEF /* Sources */,
				423B20672C0BAE9100EE7FEF /* Frameworks */,
				423B20682C0BAE9100EE7FEF /* Resources */,
			);
			buildRules = (
			);
			dependencies = (
			);
			name = VisitedStates;
			productName = VisitedStates;
			productReference = 423B206A2C0BAE9100EE7FEF /* VisitedStates.app */;
			productType = "com.apple.product-type.application";
		};
/* End PBXNativeTarget section */

/* Begin PBXProject section */
		423B20622C0BAE9100EE7FEF /* Project object */ = {
			isa = PBXProject;
			attributes = {
				BuildIndependentTargetsInParallel = 1;
				LastSwiftUpdateCheck = 1540;
				LastUpgradeCheck = 1540;
				TargetAttributes = {
					423B20692C0BAE9100EE7FEF = {
						CreatedOnToolsVersion = 15.4;
					};
				};
			};
			buildConfigurationList = 423B20652C0BAE9100EE7FEF /* Build configuration list for PBXProject "VisitedStates" */;
			compatibilityVersion = "Xcode 14.0";
			developmentRegion = en;
			hasScannedForEncodings = 0;
			knownRegions = (
				en,
				Base,
			);
			mainGroup = 423B20612C0BAE9100EE7FEF;
			packageReferences = (
				429056012C12486300429DD4 /* XCRemoteSwiftPackageReference "mapbox-maps-ios" */,
			);
			productRefGroup = 423B206B2C0BAE9100EE7FEF /* Products */;
			projectDirPath = "";
			projectRoot = "";
			targets = (
				423B20692C0BAE9100EE7FEF /* VisitedStates */,
			);
		};
/* End PBXProject section */

/* Begin PBXResourcesBuildPhase section */
		423B20682C0BAE9100EE7FEF /* Resources */ = {
			isa = PBXResourcesBuildPhase;
			buildActionMask = 2147483647;
			files = (
				4212952B2C0D515A00E38B54 /* blank.png in Resources */,
				4221270D2D8274080033E461 /* DoHyeon-Regular.ttf in Resources */,
				4284837C2C0D301B0021DDAE /* us_states.geojson in Resources */,
				423B207B2C0BAE9200EE7FEF /* Preview Assets.xcassets in Resources */,
				428FB46F2C127F0900972D45 /* white_tile.png in Resources */,
				423B20772C0BAE9200EE7FEF /* Assets.xcassets in Resources */,
				428FB4692C1276D600972D45 /* launchscreen.storyboard in Resources */,
			);
			runOnlyForDeploymentPostprocessing = 0;
		};
/* End PBXResourcesBuildPhase section */

/* Begin PBXSourcesBuildPhase section */
		423B20662C0BAE9100EE7FEF /* Sources */ = {
			isa = PBXSourcesBuildPhase;
			buildActionMask = 2147483647;
			files = (
				422127132D84B59E0033E461 /* IAPManager.swift in Sources */,
				42AA801E2D7B4E46008AF2DE /* AppDelegate.swift in Sources */,
				423B206E2C0BAE9100EE7FEF /* VisitedStatesApp.swift in Sources */,
				42302CDD2D81CB7200B1C06E /* IntroMapView.swift in Sources */,
				42F551042D7A83F300986E1F /* SettingsView.swift in Sources */,
				4221270F2D8277080033E461 /* AboutView.swift in Sources */,
				423B20A22C0BB21C00EE7FEF /* MapView.swift in Sources */,
				42B9C8072D8000CE0012B018 /* EditStatesView.swift in Sources */,
				422127112D83B1110033E461 /* ShareSheet.swift in Sources */,
				42F551062D7A89EB00986E1F /* NotificationManager.swift in Sources */,
				42AA80262D7DF0EF008AF2DE /* AlaskaHawaiiSplitView.swift in Sources */,
				42F551022D7A83DC00986E1F /* AppSettings.swift in Sources */,
				423B20702C0BAE9100EE7FEF /* Persistence.swift in Sources */,
				423B20A02C0BB1E200EE7FEF /* LocationManager.swift in Sources */,
				423B20752C0BAE9100EE7FEF /* ContentView.swift in Sources */,
				42B9C8052D8000BB0012B018 /* USStates.swift in Sources */,
				423B20732C0BAE9100EE7FEF /* VisitedStates.xcdatamodeld in Sources */,
			);
			runOnlyForDeploymentPostprocessing = 0;
		};
/* End PBXSourcesBuildPhase section */

/* Begin XCBuildConfiguration section */
		423B20922C0BAE9300EE7FEF /* Debug */ = {
			isa = XCBuildConfiguration;
			buildSettings = {
				ALWAYS_SEARCH_USER_PATHS = NO;
				ASSETCATALOG_COMPILER_GENERATE_SWIFT_ASSET_SYMBOL_EXTENSIONS = YES;
				CLANG_ANALYZER_NONNULL = YES;
				CLANG_ANALYZER_NUMBER_OBJECT_CONVERSION = YES_AGGRESSIVE;
				CLANG_CXX_LANGUAGE_STANDARD = "gnu++20";
				CLANG_ENABLE_MODULES = YES;
				CLANG_ENABLE_OBJC_ARC = YES;
				CLANG_ENABLE_OBJC_WEAK = YES;
				CLANG_WARN_BLOCK_CAPTURE_AUTORELEASING = YES;
				CLANG_WARN_BOOL_CONVERSION = YES;
				CLANG_WARN_COMMA = YES;
				CLANG_WARN_CONSTANT_CONVERSION = YES;
				CLANG_WARN_DEPRECATED_OBJC_IMPLEMENTATIONS = YES;
				CLANG_WARN_DIRECT_OBJC_ISA_USAGE = YES_ERROR;
				CLANG_WARN_DOCUMENTATION_COMMENTS = YES;
				CLANG_WARN_EMPTY_BODY = YES;
				CLANG_WARN_ENUM_CONVERSION = YES;
				CLANG_WARN_INFINITE_RECURSION = YES;
				CLANG_WARN_INT_CONVERSION = YES;
				CLANG_WARN_NON_LITERAL_NULL_CONVERSION = YES;
				CLANG_WARN_OBJC_IMPLICIT_RETAIN_SELF = YES;
				CLANG_WARN_OBJC_LITERAL_CONVERSION = YES;
				CLANG_WARN_OBJC_ROOT_CLASS = YES_ERROR;
				CLANG_WARN_QUOTED_INCLUDE_IN_FRAMEWORK_HEADER = YES;
				CLANG_WARN_RANGE_LOOP_ANALYSIS = YES;
				CLANG_WARN_STRICT_PROTOTYPES = YES;
				CLANG_WARN_SUSPICIOUS_MOVE = YES;
				CLANG_WARN_UNGUARDED_AVAILABILITY = YES_AGGRESSIVE;
				CLANG_WARN_UNREACHABLE_CODE = YES;
				CLANG_WARN__DUPLICATE_METHOD_MATCH = YES;
				COPY_PHASE_STRIP = NO;
				DEBUG_INFORMATION_FORMAT = dwarf;
				ENABLE_STRICT_OBJC_MSGSEND = YES;
				ENABLE_TESTABILITY = YES;
				ENABLE_USER_SCRIPT_SANDBOXING = YES;
				GCC_C_LANGUAGE_STANDARD = gnu17;
				GCC_DYNAMIC_NO_PIC = NO;
				GCC_NO_COMMON_BLOCKS = YES;
				GCC_OPTIMIZATION_LEVEL = 0;
				GCC_PREPROCESSOR_DEFINITIONS = (
					"DEBUG=1",
					"$(inherited)",
				);
				GCC_WARN_64_TO_32_BIT_CONVERSION = YES;
				GCC_WARN_ABOUT_RETURN_TYPE = YES_ERROR;
				GCC_WARN_UNDECLARED_SELECTOR = YES;
				GCC_WARN_UNINITIALIZED_AUTOS = YES_AGGRESSIVE;
				GCC_WARN_UNUSED_FUNCTION = YES;
				GCC_WARN_UNUSED_VARIABLE = YES;
				LOCALIZATION_PREFERS_STRING_CATALOGS = YES;
				MTL_ENABLE_DEBUG_INFO = INCLUDE_SOURCE;
				MTL_FAST_MATH = YES;
				ONLY_ACTIVE_ARCH = YES;
				SWIFT_ACTIVE_COMPILATION_CONDITIONS = "DEBUG $(inherited)";
				SWIFT_OPTIMIZATION_LEVEL = "-Onone";
			};
			name = Debug;
		};
		423B20932C0BAE9300EE7FEF /* Release */ = {
			isa = XCBuildConfiguration;
			buildSettings = {
				ALWAYS_SEARCH_USER_PATHS = NO;
				ASSETCATALOG_COMPILER_GENERATE_SWIFT_ASSET_SYMBOL_EXTENSIONS = YES;
				CLANG_ANALYZER_NONNULL = YES;
				CLANG_ANALYZER_NUMBER_OBJECT_CONVERSION = YES_AGGRESSIVE;
				CLANG_CXX_LANGUAGE_STANDARD = "gnu++20";
				CLANG_ENABLE_MODULES = YES;
				CLANG_ENABLE_OBJC_ARC = YES;
				CLANG_ENABLE_OBJC_WEAK = YES;
				CLANG_WARN_BLOCK_CAPTURE_AUTORELEASING = YES;
				CLANG_WARN_BOOL_CONVERSION = YES;
				CLANG_WARN_COMMA = YES;
				CLANG_WARN_CONSTANT_CONVERSION = YES;
				CLANG_WARN_DEPRECATED_OBJC_IMPLEMENTATIONS = YES;
				CLANG_WARN_DIRECT_OBJC_ISA_USAGE = YES_ERROR;
				CLANG_WARN_DOCUMENTATION_COMMENTS = YES;
				CLANG_WARN_EMPTY_BODY = YES;
				CLANG_WARN_ENUM_CONVERSION = YES;
				CLANG_WARN_INFINITE_RECURSION = YES;
				CLANG_WARN_INT_CONVERSION = YES;
				CLANG_WARN_NON_LITERAL_NULL_CONVERSION = YES;
				CLANG_WARN_OBJC_IMPLICIT_RETAIN_SELF = YES;
				CLANG_WARN_OBJC_LITERAL_CONVERSION = YES;
				CLANG_WARN_OBJC_ROOT_CLASS = YES_ERROR;
				CLANG_WARN_QUOTED_INCLUDE_IN_FRAMEWORK_HEADER = YES;
				CLANG_WARN_RANGE_LOOP_ANALYSIS = YES;
				CLANG_WARN_STRICT_PROTOTYPES = YES;
				CLANG_WARN_SUSPICIOUS_MOVE = YES;
				CLANG_WARN_UNGUARDED_AVAILABILITY = YES_AGGRESSIVE;
				CLANG_WARN_UNREACHABLE_CODE = YES;
				CLANG_WARN__DUPLICATE_METHOD_MATCH = YES;
				COPY_PHASE_STRIP = NO;
				DEBUG_INFORMATION_FORMAT = "dwarf-with-dsym";
				ENABLE_NS_ASSERTIONS = NO;
				ENABLE_STRICT_OBJC_MSGSEND = YES;
				ENABLE_USER_SCRIPT_SANDBOXING = YES;
				GCC_C_LANGUAGE_STANDARD = gnu17;
				GCC_NO_COMMON_BLOCKS = YES;
				GCC_WARN_64_TO_32_BIT_CONVERSION = YES;
				GCC_WARN_ABOUT_RETURN_TYPE = YES_ERROR;
				GCC_WARN_UNDECLARED_SELECTOR = YES;
				GCC_WARN_UNINITIALIZED_AUTOS = YES_AGGRESSIVE;
				GCC_WARN_UNUSED_FUNCTION = YES;
				GCC_WARN_UNUSED_VARIABLE = YES;
				LOCALIZATION_PREFERS_STRING_CATALOGS = YES;
				MTL_ENABLE_DEBUG_INFO = NO;
				MTL_FAST_MATH = YES;
				SWIFT_COMPILATION_MODE = wholemodule;
			};
			name = Release;
		};
		423B20952C0BAE9300EE7FEF /* Debug */ = {
			isa = XCBuildConfiguration;
			buildSettings = {
				ASSETCATALOG_COMPILER_APPICON_NAME = AppIcon;
				ASSETCATALOG_COMPILER_GLOBAL_ACCENT_COLOR_NAME = AccentColor;
				ASSETCATALOG_COMPILER_INCLUDE_ALL_APPICON_ASSETS = YES;
				CODE_SIGN_ENTITLEMENTS = VisitedStates/VisitedStates.entitlements;
				CODE_SIGN_STYLE = Automatic;
				CURRENT_PROJECT_VERSION = 1.0;
				DEVELOPMENT_ASSET_PATHS = "\"VisitedStates/Preview Content\"";
				DEVELOPMENT_TEAM = 4JCH9EE98Q;
				ENABLE_HARDENED_RUNTIME = YES;
				ENABLE_PREVIEWS = YES;
				GENERATE_INFOPLIST_FILE = NO;
				INFOPLIST_FILE = "$(SRCROOT)/VisitedStates/Info.plist";
				"INFOPLIST_KEY_UIApplicationSceneManifest_Generation[sdk=iphoneos*]" = YES;
				"INFOPLIST_KEY_UIApplicationSceneManifest_Generation[sdk=iphonesimulator*]" = YES;
				"INFOPLIST_KEY_UIApplicationSupportsIndirectInputEvents[sdk=iphoneos*]" = YES;
				"INFOPLIST_KEY_UIApplicationSupportsIndirectInputEvents[sdk=iphonesimulator*]" = YES;
				INFOPLIST_KEY_UILaunchScreen_Generation = YES;
				"INFOPLIST_KEY_UILaunchScreen_Generation[sdk=iphoneos*]" = YES;
				"INFOPLIST_KEY_UILaunchScreen_Generation[sdk=iphonesimulator*]" = YES;
				"INFOPLIST_KEY_UIStatusBarStyle[sdk=iphoneos*]" = UIStatusBarStyleDefault;
				"INFOPLIST_KEY_UIStatusBarStyle[sdk=iphonesimulator*]" = UIStatusBarStyleDefault;
				INFOPLIST_KEY_UISupportedInterfaceOrientations = UIInterfaceOrientationPortrait;
				INFOPLIST_KEY_UISupportedInterfaceOrientations_iPad = "UIInterfaceOrientationLandscapeLeft UIInterfaceOrientationLandscapeRight UIInterfaceOrientationPortrait UIInterfaceOrientationPortraitUpsideDown";
				IPHONEOS_DEPLOYMENT_TARGET = 17.5;
				LD_RUNPATH_SEARCH_PATHS = "";
				"LD_RUNPATH_SEARCH_PATHS[sdk=macosx*]" = "@executable_path/../Frameworks";
				MACOSX_DEPLOYMENT_TARGET = 14.5;
				MARKETING_VERSION = 1.0;
				PRODUCT_BUNDLE_IDENTIFIER = neils.me.VisitedStates;
				PRODUCT_NAME = "$(TARGET_NAME)";
				SDKROOT = auto;
				SUPPORTED_PLATFORMS = "iphoneos iphonesimulator";
				SUPPORTS_MACCATALYST = NO;
				SWIFT_EMIT_LOC_STRINGS = YES;
				SWIFT_VERSION = 5.0;
				TARGETED_DEVICE_FAMILY = 1;
			};
			name = Debug;
		};
		423B20962C0BAE9300EE7FEF /* Release */ = {
			isa = XCBuildConfiguration;
			buildSettings = {
				ASSETCATALOG_COMPILER_APPICON_NAME = AppIcon;
				ASSETCATALOG_COMPILER_GLOBAL_ACCENT_COLOR_NAME = AccentColor;
				ASSETCATALOG_COMPILER_INCLUDE_ALL_APPICON_ASSETS = YES;
				CODE_SIGN_ENTITLEMENTS = VisitedStates/VisitedStates.entitlements;
				CODE_SIGN_STYLE = Automatic;
				CURRENT_PROJECT_VERSION = 1.0;
				DEVELOPMENT_ASSET_PATHS = "\"VisitedStates/Preview Content\"";
				DEVELOPMENT_TEAM = 4JCH9EE98Q;
				ENABLE_HARDENED_RUNTIME = YES;
				ENABLE_PREVIEWS = YES;
				GENERATE_INFOPLIST_FILE = NO;
				INFOPLIST_FILE = "$(SRCROOT)/VisitedStates/Info.plist";
				"INFOPLIST_KEY_UIApplicationSceneManifest_Generation[sdk=iphoneos*]" = YES;
				"INFOPLIST_KEY_UIApplicationSceneManifest_Generation[sdk=iphonesimulator*]" = YES;
				"INFOPLIST_KEY_UIApplicationSupportsIndirectInputEvents[sdk=iphoneos*]" = YES;
				"INFOPLIST_KEY_UIApplicationSupportsIndirectInputEvents[sdk=iphonesimulator*]" = YES;
				INFOPLIST_KEY_UILaunchScreen_Generation = YES;
				"INFOPLIST_KEY_UILaunchScreen_Generation[sdk=iphoneos*]" = YES;
				"INFOPLIST_KEY_UILaunchScreen_Generation[sdk=iphonesimulator*]" = YES;
				"INFOPLIST_KEY_UIStatusBarStyle[sdk=iphoneos*]" = UIStatusBarStyleDefault;
				"INFOPLIST_KEY_UIStatusBarStyle[sdk=iphonesimulator*]" = UIStatusBarStyleDefault;
				INFOPLIST_KEY_UISupportedInterfaceOrientations = UIInterfaceOrientationPortrait;
				INFOPLIST_KEY_UISupportedInterfaceOrientations_iPad = "UIInterfaceOrientationLandscapeLeft UIInterfaceOrientationLandscapeRight UIInterfaceOrientationPortrait UIInterfaceOrientationPortraitUpsideDown";
				IPHONEOS_DEPLOYMENT_TARGET = 17.5;
				LD_RUNPATH_SEARCH_PATHS = "";
				"LD_RUNPATH_SEARCH_PATHS[sdk=macosx*]" = "@executable_path/../Frameworks";
				MACOSX_DEPLOYMENT_TARGET = 14.5;
				MARKETING_VERSION = 1.0;
				PRODUCT_BUNDLE_IDENTIFIER = neils.me.VisitedStates;
				PRODUCT_NAME = "$(TARGET_NAME)";
				SDKROOT = auto;
				SUPPORTED_PLATFORMS = "iphoneos iphonesimulator";
				SUPPORTS_MACCATALYST = NO;
				SWIFT_EMIT_LOC_STRINGS = YES;
				SWIFT_VERSION = 5.0;
				TARGETED_DEVICE_FAMILY = 1;
			};
			name = Release;
		};
/* End XCBuildConfiguration section */

/* Begin XCConfigurationList section */
		423B20652C0BAE9100EE7FEF /* Build configuration list for PBXProject "VisitedStates" */ = {
			isa = XCConfigurationList;
			buildConfigurations = (
				423B20922C0BAE9300EE7FEF /* Debug */,
				423B20932C0BAE9300EE7FEF /* Release */,
			);
			defaultConfigurationIsVisible = 0;
			defaultConfigurationName = Release;
		};
		423B20942C0BAE9300EE7FEF /* Build configuration list for PBXNativeTarget "VisitedStates" */ = {
			isa = XCConfigurationList;
			buildConfigurations = (
				423B20952C0BAE9300EE7FEF /* Debug */,
				423B20962C0BAE9300EE7FEF /* Release */,
			);
			defaultConfigurationIsVisible = 0;
			defaultConfigurationName = Release;
		};
/* End XCConfigurationList section */

/* Begin XCRemoteSwiftPackageReference section */
		429056012C12486300429DD4 /* XCRemoteSwiftPackageReference "mapbox-maps-ios" */ = {
			isa = XCRemoteSwiftPackageReference;
			repositoryURL = "https://github.com/mapbox/mapbox-maps-ios";
			requirement = {
				branch = main;
				kind = branch;
			};
		};
/* End XCRemoteSwiftPackageReference section */

/* Begin XCVersionGroup section */
		423B20712C0BAE9100EE7FEF /* VisitedStates.xcdatamodeld */ = {
			isa = XCVersionGroup;
			children = (
				423B20722C0BAE9100EE7FEF /* VisitedStates.xcdatamodel */,
			);
			currentVersion = 423B20722C0BAE9100EE7FEF /* VisitedStates.xcdatamodel */;
			path = VisitedStates.xcdatamodeld;
			sourceTree = "<group>";
			versionGroupType = wrapper.xcdatamodel;
		};
/* End XCVersionGroup section */
	};
	rootObject = 423B20622C0BAE9100EE7FEF /* Project object */;
}
